
Microsoft Visual Studio Solution File, Format Version 12.00
# Visual Studio Version 17
VisualStudioVersion = 17.9.34728.123
MinimumVisualStudioVersion = 10.0.40219.1
Project("{FAE04EC0-301F-11D3-BF4B-00C04F79EFBC}") = "matriz_soma_lcd", "matriz_soma_lcd\matriz_soma_lcd.csproj", "{AB2476BA-61E9-41DA-9D72-5544AED2BA58}"
EndProject
Global
	GlobalSection(SolutionConfigurationPlatforms) = preSolution
		Debug|Any CPU = Debug|Any CPU
		Release|Any CPU = Release|Any CPU
	EndGlobalSection
	GlobalSection(ProjectConfigurationPlatforms) = postSolution
		{AB2476BA-61E9-41DA-9D72-5544AED2BA58}.Debug|Any CPU.ActiveCfg = Debug|Any CPU
		{AB2476BA-61E9-41DA-9D72-5544AED2BA58}.Debug|Any CPU.Build.0 = Debug|Any CPU
		{AB2476BA-61E9-41DA-9D72-5544AED2BA58}.Release|Any CPU.ActiveCfg = Release|Any CPU
		{AB2476BA-61E9-41DA-9D72-5544AED2BA58}.Release|Any CPU.Build.0 = Release|Any CPU
	EndGlobalSection
	GlobalSection(SolutionProperties) = preSolution
		HideSolutionNode = FALSE
	EndGlobalSection
	GlobalSection(ExtensibilityGlobals) = postSolution
		SolutionGuid = {7AC833A3-7F5E-4AB3-A1B5-6DAFCF131995}
	EndGlobalSection
EndGlobal
